
Microsoft Visual Studio Solution File, Format Version 12.00
# Visual Studio Version 16
VisualStudioVersion = 16.0.35826.135
MinimumVisualStudioVersion = 10.0.40219.1
Project("{FAE04EC0-301F-11D3-BF4B-00C04F79EFBC}") = "QuanLyPhongMach", "QuanLyPhongMach\QuanLyPhongMach.csproj", "{08BAE7AA-96BC-41B9-A751-83D3A1D6E473}"
EndProject
Project("{54435603-DBB4-11D2-8724-00A0C9A8B90C}") = "AppQLPM", "..\..\AppQLPM\AppQLPM.vdproj", "{E5CEC4A1-7748-45BF-A37C-4108FC68F201}"
EndProject
Global
	GlobalSection(SolutionConfigurationPlatforms) = preSolution
		Debug|Any CPU = Debug|Any CPU
		Release|Any CPU = Release|Any CPU
	EndGlobalSection
	GlobalSection(ProjectConfigurationPlatforms) = postSolution
		{08BAE7AA-96BC-41B9-A751-83D3A1D6E473}.Debug|Any CPU.ActiveCfg = Debug|Any CPU
		{08BAE7AA-96BC-41B9-A751-83D3A1D6E473}.Debug|Any CPU.Build.0 = Debug|Any CPU
		{08BAE7AA-96BC-41B9-A751-83D3A1D6E473}.Release|Any CPU.ActiveCfg = Release|Any CPU
		{08BAE7AA-96BC-41B9-A751-83D3A1D6E473}.Release|Any CPU.Build.0 = Release|Any CPU
		{E5CEC4A1-7748-45BF-A37C-4108FC68F201}.Debug|Any CPU.ActiveCfg = Debug
		{E5CEC4A1-7748-45BF-A37C-4108FC68F201}.Release|Any CPU.ActiveCfg = Release
	EndGlobalSection
	GlobalSection(SolutionProperties) = preSolution
		HideSolutionNode = FALSE
	EndGlobalSection
	GlobalSection(ExtensibilityGlobals) = postSolution
		SolutionGuid = {BB22560F-55F9-41C1-83BB-CCCE7EE4360D}
	EndGlobalSection
EndGlobal
